
Microsoft Visual Studio Solution File, Format Version 12.00
# Visual Studio 15
VisualStudioVersion = 15.0.27428.2011
MinimumVisualStudioVersion = 10.0.40219.1
Project("{FAE04EC0-301F-11D3-BF4B-00C04F79EFBC}") = "TheMightyTreeOfSienceV2", "TheMightyTreeOfSienceV2\TheMightyTreeOfSienceV2.csproj", "{09D5C3E7-3ACE-4D0B-B72D-1359CB337BFB}"
EndProject
Project("{FAE04EC0-301F-11D3-BF4B-00C04F79EFBC}") = "JSONTest", "JSONTest\JSONTest.csproj", "{2D6B5D46-4B6A-4C50-828C-2CBDAED3D605}"
EndProject
Global
	GlobalSection(SolutionConfigurationPlatforms) = preSolution
		Debug|Any CPU = Debug|Any CPU
		Release|Any CPU = Release|Any CPU
	EndGlobalSection
	GlobalSection(ProjectConfigurationPlatforms) = postSolution
		{09D5C3E7-3ACE-4D0B-B72D-1359CB337BFB}.Debug|Any CPU.ActiveCfg = Debug|Any CPU
		{09D5C3E7-3ACE-4D0B-B72D-1359CB337BFB}.Debug|Any CPU.Build.0 = Debug|Any CPU
		{09D5C3E7-3ACE-4D0B-B72D-1359CB337BFB}.Release|Any CPU.ActiveCfg = Release|Any CPU
		{09D5C3E7-3ACE-4D0B-B72D-1359CB337BFB}.Release|Any CPU.Build.0 = Release|Any CPU
		{2D6B5D46-4B6A-4C50-828C-2CBDAED3D605}.Debug|Any CPU.ActiveCfg = Debug|Any CPU
		{2D6B5D46-4B6A-4C50-828C-2CBDAED3D605}.Debug|Any CPU.Build.0 = Debug|Any CPU
		{2D6B5D46-4B6A-4C50-828C-2CBDAED3D605}.Release|Any CPU.ActiveCfg = Release|Any CPU
		{2D6B5D46-4B6A-4C50-828C-2CBDAED3D605}.Release|Any CPU.Build.0 = Release|Any CPU
	EndGlobalSection
	GlobalSection(SolutionProperties) = preSolution
		HideSolutionNode = FALSE
	EndGlobalSection
	GlobalSection(ExtensibilityGlobals) = postSolution
		SolutionGuid = {90F27AD1-8204-4C25-BFBF-4A0CD0F62B78}
	EndGlobalSection
EndGlobal
